
Microsoft Visual Studio Solution File, Format Version 12.00
# Visual Studio 15
VisualStudioVersion = 15.0.26124.0
MinimumVisualStudioVersion = 15.0.26124.0
Project("{FAE04EC0-301F-11D3-BF4B-00C04F79EFBC}") = "NetTopologySuite.IO.SqlServer", "NetTopologySuite.IO.SqlServer\NetTopologySuite.IO.SqlServer.csproj", "{0402AAFA-DC37-4844-97E2-6205C5BE8882}"
EndProject
Project("{FAE04EC0-301F-11D3-BF4B-00C04F79EFBC}") = "NetTopologySuite.IO.SqlServer.Test", "NetTopologySuite.IO.SqlServer.Test\NetTopologySuite.IO.SqlServer.Test.csproj", "{D793B2F0-9612-4511-8932-D0D2028691AA}"
EndProject
Global
	GlobalSection(SolutionConfigurationPlatforms) = preSolution
		Debug|Any CPU = Debug|Any CPU
		Debug|x64 = Debug|x64
		Debug|x86 = Debug|x86
		Release|Any CPU = Release|Any CPU
		Release|x64 = Release|x64
		Release|x86 = Release|x86
	EndGlobalSection
	GlobalSection(SolutionProperties) = preSolution
		HideSolutionNode = FALSE
	EndGlobalSection
	GlobalSection(ProjectConfigurationPlatforms) = postSolution
		{0402AAFA-DC37-4844-97E2-6205C5BE8882}.Debug|Any CPU.ActiveCfg = Debug|Any CPU
		{0402AAFA-DC37-4844-97E2-6205C5BE8882}.Debug|Any CPU.Build.0 = Debug|Any CPU
		{0402AAFA-DC37-4844-97E2-6205C5BE8882}.Debug|x64.ActiveCfg = Debug|Any CPU
		{0402AAFA-DC37-4844-97E2-6205C5BE8882}.Debug|x64.Build.0 = Debug|Any CPU
		{0402AAFA-DC37-4844-97E2-6205C5BE8882}.Debug|x86.ActiveCfg = Debug|Any CPU
		{0402AAFA-DC37-4844-97E2-6205C5BE8882}.Debug|x86.Build.0 = Debug|Any CPU
		{0402AAFA-DC37-4844-97E2-6205C5BE8882}.Release|Any CPU.ActiveCfg = Release|Any CPU
		{0402AAFA-DC37-4844-97E2-6205C5BE8882}.Release|Any CPU.Build.0 = Release|Any CPU
		{0402AAFA-DC37-4844-97E2-6205C5BE8882}.Release|x64.ActiveCfg = Release|Any CPU
		{0402AAFA-DC37-4844-97E2-6205C5BE8882}.Release|x64.Build.0 = Release|Any CPU
		{0402AAFA-DC37-4844-97E2-6205C5BE8882}.Release|x86.ActiveCfg = Release|Any CPU
		{0402AAFA-DC37-4844-97E2-6205C5BE8882}.Release|x86.Build.0 = Release|Any CPU
		{D793B2F0-9612-4511-8932-D0D2028691AA}.Debug|Any CPU.ActiveCfg = Debug|Any CPU
		{D793B2F0-9612-4511-8932-D0D2028691AA}.Debug|Any CPU.Build.0 = Debug|Any CPU
		{D793B2F0-9612-4511-8932-D0D2028691AA}.Debug|x64.ActiveCfg = Debug|Any CPU
		{D793B2F0-9612-4511-8932-D0D2028691AA}.Debug|x64.Build.0 = Debug|Any CPU
		{D793B2F0-9612-4511-8932-D0D2028691AA}.Debug|x86.ActiveCfg = Debug|Any CPU
		{D793B2F0-9612-4511-8932-D0D2028691AA}.Debug|x86.Build.0 = Debug|Any CPU
		{D793B2F0-9612-4511-8932-D0D2028691AA}.Release|Any CPU.ActiveCfg = Release|Any CPU
		{D793B2F0-9612-4511-8932-D0D2028691AA}.Release|Any CPU.Build.0 = Release|Any CPU
		{D793B2F0-9612-4511-8932-D0D2028691AA}.Release|x64.ActiveCfg = Release|Any CPU
		{D793B2F0-9612-4511-8932-D0D2028691AA}.Release|x64.Build.0 = Release|Any CPU
		{D793B2F0-9612-4511-8932-D0D2028691AA}.Release|x86.ActiveCfg = Release|Any CPU
		{D793B2F0-9612-4511-8932-D0D2028691AA}.Release|x86.Build.0 = Release|Any CPU
	EndGlobalSection
EndGlobal
